PODS:
  - MaterialComponents/AnimationTiming (87.0.0)
  - MaterialComponents/BottomNavigation (87.0.0):
    - MaterialComponents/Elevation
    - MaterialComponents/Ink
    - MaterialComponents/Palettes
    - MaterialComponents/private/Math
    - MaterialComponents/Ripple
    - MaterialComponents/ShadowElevations
    - MaterialComponents/ShadowLayer
    - MaterialComponents/Typography
    - MDFInternationalization
  - "MaterialComponents/BottomNavigation+ColorThemer (87.0.0)":
    - MaterialComponents/BottomNavigation
    - MaterialComponents/schemes/Color
  - MaterialComponents/Elevation (87.0.0):
    - MaterialComponents/private/Color
    - MaterialComponents/private/Math
  - MaterialComponents/Ink (87.0.0):
    - MaterialComponents/private/Color
    - MaterialComponents/private/Math
  - MaterialComponents/Palettes (87.0.0)
  - MaterialComponents/private/Application (87.0.0)
  - MaterialComponents/private/Color (87.0.0)
  - MaterialComponents/private/Math (87.0.0)
  - MaterialComponents/Ripple (87.0.0):
    - MaterialComponents/AnimationTiming
    - MaterialComponents/private/Color
    - MaterialComponents/private/Math
  - MaterialComponents/schemes/Color (87.0.0):
    - MaterialComponents/private/Color
  - MaterialComponents/ShadowElevations (87.0.0)
  - MaterialComponents/ShadowLayer (87.0.0):
    - MaterialComponents/ShadowElevations
  - MaterialComponents/Typography (87.0.0):
    - MaterialComponents/private/Application
    - MaterialComponents/private/Math
  - MBProgressHUD (1.1.0)
  - MDFInternationalization (2.0.0)

DEPENDENCIES:
  - MaterialComponents/BottomNavigation
  - "MaterialComponents/BottomNavigation+ColorThemer"
  - MBProgressHUD

SPEC REPOS:
  https://github.com/cocoapods/specs.git:
    - MaterialComponents
    - MBProgressHUD
    - MDFInternationalization

SPEC CHECKSUMS:
  MaterialComponents: 37478e606a0b4bb41e25c03cdf3be9e35fe59b78
  MBProgressHUD: e7baa36a220447d8aeb12769bf0585582f3866d9
  MDFInternationalization: 010097556d6b09d2c4ea38e0820ea6d37be6a314

PODFILE CHECKSUM: 796d493dbb8d55aec33842693287fd9cce84bc90

COCOAPODS: 1.6.1
